schema: '2.0'
stages:
  preprocessing:
    cmd: python scripts/preprocessing_phase.py historical
    deps:
    - path: data/a1_RestaurantReviews_HistoricDump.tsv
      hash: md5
      md5: 102f1f4193e0bdebdd6cce7f13e0a839
      size: 54686
    - path: scripts/preprocessing_phase.py
      hash: md5
      md5: 57afafbfc63abed3207e2bb8ebf24281
      size: 4186
    outs:
    - path: output/preprocessed_a1_RestaurantReviews_HistoricDump.tsv
      hash: md5
      md5: 5fb43a68c3ec5b122224b5fcf73aaada
      size: 31609
  training:
    cmd: python scripts/training_phase.py historical
    deps:
    - path: output/preprocessed_a1_RestaurantReviews_HistoricDump.tsv
      hash: md5
      md5: 5fb43a68c3ec5b122224b5fcf73aaada
      size: 31609
    - path: scripts/training_phase.py
      hash: md5
      md5: e06f30284e1fd75d9c55942902284516
      size: 9423
    outs:
    - path: models/c1_BoW_Sentiment_Model.pkl
      hash: md5
      md5: 278f849e52ac4bee6320bf34d56d638a
      size: 39825
    - path: models/c2_Classifier_Sentiment_Model
      hash: md5
      md5: 40af86d3810eda789e964b5302bc9ed8
      size: 46215
    - path: output/confusion_matrix_heat_map.png
      hash: md5
      md5: c2bfcadba3237b6519f5c4458497b6d4
      size: 23978
    - path: output/performance_naive_bayes_model.json
      hash: md5
      md5: c185ce202ff427fe71397fbfb8f3ee70
      size: 95
  production:
    cmd: python scripts/production_phase.py fresh
    deps:
    - path: data/a1_RestaurantReviews_HistoricDump.tsv
      hash: md5
      md5: 102f1f4193e0bdebdd6cce7f13e0a839
      size: 54686
    - path: data/a2_RestaurantReviews_FreshDump.tsv
      hash: md5
      md5: 097c8b95f6b255e5a6a06b29d61fef8e
      size: 6504
    - path: models/c1_BoW_Sentiment_Model.pkl
      hash: md5
      md5: 278f849e52ac4bee6320bf34d56d638a
      size: 39825
    - path: models/c2_Classifier_Sentiment_Model
      hash: md5
      md5: 40af86d3810eda789e964b5302bc9ed8
      size: 46215
    - path: scripts/production_phase.py
      hash: md5
      md5: da59c1505dc534b01363f5eb7e5b8e26
      size: 5533
  data:
    cmd: python scripts/data_phase.py
    deps:
    - path: scripts/data_phase.py
      hash: md5
      md5: 9f8bae37addb34ee98fb93f545d466af
      size: 2398
    outs:
    - path: data/a1_RestaurantReviews_HistoricDump.tsv
      hash: md5
      md5: 102f1f4193e0bdebdd6cce7f13e0a839
      size: 54686
    - path: data/a2_RestaurantReviews_FreshDump.tsv
      hash: md5
      md5: 097c8b95f6b255e5a6a06b29d61fef8e
      size: 6504
